// !$*UTF8*$!
{
	archiveVersion = 1;
	classes = {
	};
	objectVersion = 56;
	objects = {

/* Begin PBXBuildFile section */
		6B0D7E682AC939E1001A94FD /* HomeModel.swift in Sources */ = {isa = PBXBuildFile; fileRef = 6B0D7E672AC939E1001A94FD /* HomeModel.swift */; };
		6B2C734B2AB99F9C0090FA74 /* HomeEstimatorApp.swift in Sources */ = {isa = PBXBuildFile; fileRef = 6B2C734A2AB99F9C0090FA74 /* HomeEstimatorApp.swift */; };
		6B2C734D2AB99F9C0090FA74 /* MainView.swift in Sources */ = {isa = PBXBuildFile; fileRef = 6B2C734C2AB99F9C0090FA74 /* MainView.swift */; };
		6B2C734F2AB99F9D0090FA74 /* Assets.xcassets in Resources */ = {isa = PBXBuildFile; fileRef = 6B2C734E2AB99F9D0090FA74 /* Assets.xcassets */; };
		6B2C73532AB99F9D0090FA74 /* Preview Assets.xcassets in Resources */ = {isa = PBXBuildFile; fileRef = 6B2C73522AB99F9D0090FA74 /* Preview Assets.xcassets */; };
		6B2C735D2AB99F9D0090FA74 /* HomeEstimatorTests.swift in Sources */ = {isa = PBXBuildFile; fileRef = 6B2C735C2AB99F9D0090FA74 /* HomeEstimatorTests.swift */; };
		6B2C73672AB99F9D0090FA74 /* HomeEstimatorUITests.swift in Sources */ = {isa = PBXBuildFile; fileRef = 6B2C73662AB99F9D0090FA74 /* HomeEstimatorUITests.swift */; };
		6B2C73692AB99F9D0090FA74 /* HomeEstimatorUITestsLaunchTests.swift in Sources */ = {isa = PBXBuildFile; fileRef = 6B2C73682AB99F9D0090FA74 /* HomeEstimatorUITestsLaunchTests.swift */; };
		6B2C737A2ABBE7EB0090FA74 /* FeedView.swift in Sources */ = {isa = PBXBuildFile; fileRef = 6B2C73792ABBE7EB0090FA74 /* FeedView.swift */; };
		6B2C737C2ABBE8BC0090FA74 /* Localizable.xcstrings in Resources */ = {isa = PBXBuildFile; fileRef = 6B2C737B2ABBE8BC0090FA74 /* Localizable.xcstrings */; };
		6B2C73802ABBEC5B0090FA74 /* Images.swift in Sources */ = {isa = PBXBuildFile; fileRef = 6B2C737F2ABBEC5B0090FA74 /* Images.swift */; };
		6B2C73822ABBECA40090FA74 /* Localization.swift in Sources */ = {isa = PBXBuildFile; fileRef = 6B2C73812ABBECA40090FA74 /* Localization.swift */; };
		6B2C73842ABBF1160090FA74 /* ProfileView.swift in Sources */ = {isa = PBXBuildFile; fileRef = 6B2C73832ABBF1160090FA74 /* ProfileView.swift */; };
		6B2C73862ABC25470090FA74 /* HomeDetailsView.swift in Sources */ = {isa = PBXBuildFile; fileRef = 6B2C73852ABC25470090FA74 /* HomeDetailsView.swift */; };
		6B2C738A2ABC291D0090FA74 /* SpeedometerGaugeStyle.swift in Sources */ = {isa = PBXBuildFile; fileRef = 6B2C73892ABC291D0090FA74 /* SpeedometerGaugeStyle.swift */; };
		6B2C738C2ABC383E0090FA74 /* AddHomeView.swift in Sources */ = {isa = PBXBuildFile; fileRef = 6B2C738B2ABC383E0090FA74 /* AddHomeView.swift */; };
/* End PBXBuildFile section */

/* Begin PBXContainerItemProxy section */
		6B2C73592AB99F9D0090FA74 /* PBXContainerItemProxy */ = {
			isa = PBXContainerItemProxy;
			containerPortal = 6B2C733F2AB99F9C0090FA74 /* Project object */;
			proxyType = 1;
			remoteGlobalIDString = 6B2C73462AB99F9C0090FA74;
			remoteInfo = HomeEstimator;
		};
		6B2C73632AB99F9D0090FA74 /* PBXContainerItemProxy */ = {
			isa = PBXContainerItemProxy;
			containerPortal = 6B2C733F2AB99F9C0090FA74 /* Project object */;
			proxyType = 1;
			remoteGlobalIDString = 6B2C73462AB99F9C0090FA74;
			remoteInfo = HomeEstimator;
		};
/* End PBXContainerItemProxy section */

/* Begin PBXFileReference section */
		6B0D7E672AC939E1001A94FD /* HomeModel.swift */ = {isa = PBXFileReference; lastKnownFileType = sourcecode.swift; path = HomeModel.swift; sourceTree = "<group>"; };
		6B2C73472AB99F9C0090FA74 /* HomeEstimator.app */ = {isa = PBXFileReference; explicitFileType = wrapper.application; includeInIndex = 0; path = HomeEstimator.app; sourceTree = BUILT_PRODUCTS_DIR; };
		6B2C734A2AB99F9C0090FA74 /* HomeEstimatorApp.swift */ = {isa = PBXFileReference; lastKnownFileType = sourcecode.swift; path = HomeEstimatorApp.swift; sourceTree = "<group>"; };
		6B2C734C2AB99F9C0090FA74 /* MainView.swift */ = {isa = PBXFileReference; lastKnownFileType = sourcecode.swift; path = MainView.swift; sourceTree = "<group>"; };
		6B2C734E2AB99F9D0090FA74 /* Assets.xcassets */ = {isa = PBXFileReference; lastKnownFileType = folder.assetcatalog; path = Assets.xcassets; sourceTree = "<group>"; };
		6B2C73502AB99F9D0090FA74 /* HomeEstimator.entitlements */ = {isa = PBXFileReference; lastKnownFileType = text.plist.entitlements; path = HomeEstimator.entitlements; sourceTree = "<group>"; };
		6B2C73522AB99F9D0090FA74 /* Preview Assets.xcassets */ = {isa = PBXFileReference; lastKnownFileType = folder.assetcatalog; path = "Preview Assets.xcassets"; sourceTree = "<group>"; };
		6B2C73582AB99F9D0090FA74 /* HomeEstimatorTests.xctest */ = {isa = PBXFileReference; explicitFileType = wrapper.cfbundle; includeInIndex = 0; path = HomeEstimatorTests.xctest; sourceTree = BUILT_PRODUCTS_DIR; };
		6B2C735C2AB99F9D0090FA74 /* HomeEstimatorTests.swift */ = {isa = PBXFileReference; lastKnownFileType = sourcecode.swift; path = HomeEstimatorTests.swift; sourceTree = "<group>"; };
		6B2C73622AB99F9D0090FA74 /* HomeEstimatorUITests.xctest */ = {isa = PBXFileReference; explicitFileType = wrapper.cfbundle; includeInIndex = 0; path = HomeEstimatorUITests.xctest; sourceTree = BUILT_PRODUCTS_DIR; };
		6B2C73662AB99F9D0090FA74 /* HomeEstimatorUITests.swift */ = {isa = PBXFileReference; lastKnownFileType = sourcecode.swift; path = HomeEstimatorUITests.swift; sourceTree = "<group>"; };
		6B2C73682AB99F9D0090FA74 /* HomeEstimatorUITestsLaunchTests.swift */ = {isa = PBXFileReference; lastKnownFileType = sourcecode.swift; path = HomeEstimatorUITestsLaunchTests.swift; sourceTree = "<group>"; };
		6B2C73792ABBE7EB0090FA74 /* FeedView.swift */ = {isa = PBXFileReference; lastKnownFileType = sourcecode.swift; path = FeedView.swift; sourceTree = "<group>"; };
		6B2C737B2ABBE8BC0090FA74 /* Localizable.xcstrings */ = {isa = PBXFileReference; lastKnownFileType = text.json.xcstrings; path = Localizable.xcstrings; sourceTree = "<group>"; };
		6B2C737F2ABBEC5B0090FA74 /* Images.swift */ = {isa = PBXFileReference; lastKnownFileType = sourcecode.swift; path = Images.swift; sourceTree = "<group>"; };
		6B2C73812ABBECA40090FA74 /* Localization.swift */ = {isa = PBXFileReference; lastKnownFileType = sourcecode.swift; path = Localization.swift; sourceTree = "<group>"; };
		6B2C73832ABBF1160090FA74 /* ProfileView.swift */ = {isa = PBXFileReference; fileEncoding = 4; lastKnownFileType = sourcecode.swift; path = ProfileView.swift; sourceTree = "<group>"; };
		6B2C73852ABC25470090FA74 /* HomeDetailsView.swift */ = {isa = PBXFileReference; lastKnownFileType = sourcecode.swift; path = HomeDetailsView.swift; sourceTree = "<group>"; };
		6B2C73892ABC291D0090FA74 /* SpeedometerGaugeStyle.swift */ = {isa = PBXFileReference; lastKnownFileType = sourcecode.swift; path = SpeedometerGaugeStyle.swift; sourceTree = "<group>"; };
		6B2C738B2ABC383E0090FA74 /* AddHomeView.swift */ = {isa = PBXFileReference; lastKnownFileType = sourcecode.swift; path = AddHomeView.swift; sourceTree = "<group>"; };
/* End PBXFileReference section */

/* Begin PBXFrameworksBuildPhase section */
		6B2C73442AB99F9C0090FA74 /* Frameworks */ = {
			isa = PBXFrameworksBuildPhase;
			buildActionMask = 2147483647;
			files = (
			);
			runOnlyForDeploymentPostprocessing = 0;
		};
		6B2C73552AB99F9D0090FA74 /* Frameworks */ = {
			isa = PBXFrameworksBuildPhase;
			buildActionMask = 2147483647;
			files = (
			);
			runOnlyForDeploymentPostprocessing = 0;
		};
		6B2C735F2AB99F9D0090FA74 /* Frameworks */ = {
			isa = PBXFrameworksBuildPhase;
			buildActionMask = 2147483647;
			files = (
			);
			runOnlyForDeploymentPostprocessing = 0;
		};
/* End PBXFrameworksBuildPhase section */

/* Begin PBXGroup section */
		6B2C733E2AB99F9C0090FA74 = {
			isa = PBXGroup;
			children = (
				6B2C73492AB99F9C0090FA74 /* HomeEstimator */,
				6B2C735B2AB99F9D0090FA74 /* HomeEstimatorTests */,
				6B2C73652AB99F9D0090FA74 /* HomeEstimatorUITests */,
				6B2C73482AB99F9C0090FA74 /* Products */,
			);
			sourceTree = "<group>";
		};
		6B2C73482AB99F9C0090FA74 /* Products */ = {
			isa = PBXGroup;
			children = (
				6B2C73472AB99F9C0090FA74 /* HomeEstimator.app */,
				6B2C73582AB99F9D0090FA74 /* HomeEstimatorTests.xctest */,
				6B2C73622AB99F9D0090FA74 /* HomeEstimatorUITests.xctest */,
			);
			name = Products;
			sourceTree = "<group>";
		};
		6B2C73492AB99F9C0090FA74 /* HomeEstimator */ = {
			isa = PBXGroup;
			children = (
				6B2C73502AB99F9D0090FA74 /* HomeEstimator.entitlements */,
				6B2C734A2AB99F9C0090FA74 /* HomeEstimatorApp.swift */,
				6B2C737E2ABBEC470090FA74 /* Constants */,
				6B2C73512AB99F9D0090FA74 /* Preview Content */,
				6B2C737D2ABBE8C50090FA74 /* Resources */,
				6B2C73872ABC25A00090FA74 /* Services */,
				6B2C73882ABC29090090FA74 /* Styles */,
				6B2C73762ABBE67B0090FA74 /* ViewModels */,
				6B2C73752ABBE6750090FA74 /* Views */,
			);
			path = HomeEstimator;
			sourceTree = "<group>";
		};
		6B2C73512AB99F9D0090FA74 /* Preview Content */ = {
			isa = PBXGroup;
			children = (
				6B2C73522AB99F9D0090FA74 /* Preview Assets.xcassets */,
			);
			path = "Preview Content";
			sourceTree = "<group>";
		};
		6B2C735B2AB99F9D0090FA74 /* HomeEstimatorTests */ = {
			isa = PBXGroup;
			children = (
				6B2C735C2AB99F9D0090FA74 /* HomeEstimatorTests.swift */,
			);
			path = HomeEstimatorTests;
			sourceTree = "<group>";
		};
		6B2C73652AB99F9D0090FA74 /* HomeEstimatorUITests */ = {
			isa = PBXGroup;
			children = (
				6B2C73662AB99F9D0090FA74 /* HomeEstimatorUITests.swift */,
				6B2C73682AB99F9D0090FA74 /* HomeEstimatorUITestsLaunchTests.swift */,
			);
			path = HomeEstimatorUITests;
			sourceTree = "<group>";
		};
		6B2C73752ABBE6750090FA74 /* Views */ = {
			isa = PBXGroup;
			children = (
				6B2C73792ABBE7EB0090FA74 /* FeedView.swift */,
				6B2C734C2AB99F9C0090FA74 /* MainView.swift */,
				6B2C73832ABBF1160090FA74 /* ProfileView.swift */,
				6B2C73852ABC25470090FA74 /* HomeDetailsView.swift */,
				6B2C738B2ABC383E0090FA74 /* AddHomeView.swift */,
			);
			path = Views;
			sourceTree = "<group>";
		};
		6B2C73762ABBE67B0090FA74 /* ViewModels */ = {
			isa = PBXGroup;
			children = (
				6B0D7E672AC939E1001A94FD /* HomeModel.swift */,
			);
			path = ViewModels;
			sourceTree = "<group>";
		};
		6B2C737D2ABBE8C50090FA74 /* Resources */ = {
			isa = PBXGroup;
			children = (
				6B2C734E2AB99F9D0090FA74 /* Assets.xcassets */,
				6B2C737B2ABBE8BC0090FA74 /* Localizable.xcstrings */,
			);
			path = Resources;
			sourceTree = "<group>";
		};
		6B2C737E2ABBEC470090FA74 /* Constants */ = {
			isa = PBXGroup;
			children = (
				6B2C737F2ABBEC5B0090FA74 /* Images.swift */,
				6B2C73812ABBECA40090FA74 /* Localization.swift */,
			);
			path = Constants;
			sourceTree = "<group>";
		};
		6B2C73872ABC25A00090FA74 /* Services */ = {
			isa = PBXGroup;
			children = (
			);
			path = Services;
			sourceTree = "<group>";
		};
		6B2C73882ABC29090090FA74 /* Styles */ = {
			isa = PBXGroup;
			children = (
				6B2C73892ABC291D0090FA74 /* SpeedometerGaugeStyle.swift */,
			);
			path = Styles;
			sourceTree = "<group>";
		};
/* End PBXGroup section */

/* Begin PBXNativeTarget section */
		6B2C73462AB99F9C0090FA74 /* HomeEstimator */ = {
			isa = PBXNativeTarget;
			buildConfigurationList = 6B2C736C2AB99F9D0090FA74 /* Build configuration list for PBXNativeTarget "HomeEstimator" */;
			buildPhases = (
				6B2C73432AB99F9C0090FA74 /* Sources */,
				6B2C73442AB99F9C0090FA74 /* Frameworks */,
				6B2C73452AB99F9C0090FA74 /* Resources */,
			);
			buildRules = (
			);
			dependencies = (
			);
			name = HomeEstimator;
			productName = HomeEstimator;
			productReference = 6B2C73472AB99F9C0090FA74 /* HomeEstimator.app */;
			productType = "com.apple.product-type.application";
		};
		6B2C73572AB99F9D0090FA74 /* HomeEstimatorTests */ = {
			isa = PBXNativeTarget;
			buildConfigurationList = 6B2C736F2AB99F9D0090FA74 /* Build configuration list for PBXNativeTarget "HomeEstimatorTests" */;
			buildPhases = (
				6B2C73542AB99F9D0090FA74 /* Sources */,
				6B2C73552AB99F9D0090FA74 /* Frameworks */,
				6B2C73562AB99F9D0090FA74 /* Resources */,
			);
			buildRules = (
			);
			dependencies = (
				6B2C735A2AB99F9D0090FA74 /* PBXTargetDependency */,
			);
			name = HomeEstimatorTests;
			productName = HomeEstimatorTests;
			productReference = 6B2C73582AB99F9D0090FA74 /* HomeEstimatorTests.xctest */;
			productType = "com.apple.product-type.bundle.unit-test";
		};
		6B2C73612AB99F9D0090FA74 /* HomeEstimatorUITests */ = {
			isa = PBXNativeTarget;
			buildConfigurationList = 6B2C73722AB99F9D0090FA74 /* Build configuration list for PBXNativeTarget "HomeEstimatorUITests" */;
			buildPhases = (
				6B2C735E2AB99F9D0090FA74 /* Sources */,
				6B2C735F2AB99F9D0090FA74 /* Frameworks */,
				6B2C73602AB99F9D0090FA74 /* Resources */,
			);
			buildRules = (
			);
			dependencies = (
				6B2C73642AB99F9D0090FA74 /* PBXTargetDependency */,
			);
			name = HomeEstimatorUITests;
			productName = HomeEstimatorUITests;
			productReference = 6B2C73622AB99F9D0090FA74 /* HomeEstimatorUITests.xctest */;
			productType = "com.apple.product-type.bundle.ui-testing";
		};
/* End PBXNativeTarget section */

/* Begin PBXProject section */
		6B2C733F2AB99F9C0090FA74 /* Project object */ = {
			isa = PBXProject;
			attributes = {
				BuildIndependentTargetsInParallel = 1;
				LastSwiftUpdateCheck = 1500;
				LastUpgradeCheck = 1500;
				TargetAttributes = {
					6B2C73462AB99F9C0090FA74 = {
						CreatedOnToolsVersion = 15.0;
					};
					6B2C73572AB99F9D0090FA74 = {
						CreatedOnToolsVersion = 15.0;
						TestTargetID = 6B2C73462AB99F9C0090FA74;
					};
					6B2C73612AB99F9D0090FA74 = {
						CreatedOnToolsVersion = 15.0;
						TestTargetID = 6B2C73462AB99F9C0090FA74;
					};
				};
			};
			buildConfigurationList = 6B2C73422AB99F9C0090FA74 /* Build configuration list for PBXProject "HomeEstimator" */;
			compatibilityVersion = "Xcode 14.0";
			developmentRegion = en;
			hasScannedForEncodings = 0;
			knownRegions = (
				en,
				Base,
			);
			mainGroup = 6B2C733E2AB99F9C0090FA74;
			productRefGroup = 6B2C73482AB99F9C0090FA74 /* Products */;
			projectDirPath = "";
			projectRoot = "";
			targets = (
				6B2C73462AB99F9C0090FA74 /* HomeEstimator */,
				6B2C73572AB99F9D0090FA74 /* HomeEstimatorTests */,
				6B2C73612AB99F9D0090FA74 /* HomeEstimatorUITests */,
			);
		};
/* End PBXProject section */

/* Begin PBXResourcesBuildPhase section */
		6B2C73452AB99F9C0090FA74 /* Resources */ = {
			isa = PBXResourcesBuildPhase;
			buildActionMask = 2147483647;
			files = (
				6B2C73532AB99F9D0090FA74 /* Preview Assets.xcassets in Resources */,
				6B2C734F2AB99F9D0090FA74 /* Assets.xcassets in Resources */,
				6B2C737C2ABBE8BC0090FA74 /* Localizable.xcstrings in Resources */,
			);
			runOnlyForDeploymentPostprocessing = 0;
		};
		6B2C73562AB99F9D0090FA74 /* Resources */ = {
			isa = PBXResourcesBuildPhase;
			buildActionMask = 2147483647;
			files = (
			);
			runOnlyForDeploymentPostprocessing = 0;
		};
		6B2C73602AB99F9D0090FA74 /* Resources */ = {
			isa = PBXResourcesBuildPhase;
			buildActionMask = 2147483647;
			files = (
			);
			runOnlyForDeploymentPostprocessing = 0;
		};
/* End PBXResourcesBuildPhase section */

/* Begin PBXSourcesBuildPhase section */
		6B2C73432AB99F9C0090FA74 /* Sources */ = {
			isa = PBXSourcesBuildPhase;
			buildActionMask = 2147483647;
			files = (
				6B2C737A2ABBE7EB0090FA74 /* FeedView.swift in Sources */,
				6B2C734D2AB99F9C0090FA74 /* MainView.swift in Sources */,
				6B2C73822ABBECA40090FA74 /* Localization.swift in Sources */,
				6B2C738C2ABC383E0090FA74 /* AddHomeView.swift in Sources */,
				6B2C73802ABBEC5B0090FA74 /* Images.swift in Sources */,
				6B2C73862ABC25470090FA74 /* HomeDetailsView.swift in Sources */,
				6B2C738A2ABC291D0090FA74 /* SpeedometerGaugeStyle.swift in Sources */,
				6B2C73842ABBF1160090FA74 /* ProfileView.swift in Sources */,
				6B0D7E682AC939E1001A94FD /* HomeModel.swift in Sources */,
				6B2C734B2AB99F9C0090FA74 /* HomeEstimatorApp.swift in Sources */,
			);
			runOnlyForDeploymentPostprocessing = 0;
		};
		6B2C73542AB99F9D0090FA74 /* Sources */ = {
			isa = PBXSourcesBuildPhase;
			buildActionMask = 2147483647;
			files = (
				6B2C735D2AB99F9D0090FA74 /* HomeEstimatorTests.swift in Sources */,
			);
			runOnlyForDeploymentPostprocessing = 0;
		};
		6B2C735E2AB99F9D0090FA74 /* Sources */ = {
			isa = PBXSourcesBuildPhase;
			buildActionMask = 2147483647;
			files = (
				6B2C73692AB99F9D0090FA74 /* HomeEstimatorUITestsLaunchTests.swift in Sources */,
				6B2C73672AB99F9D0090FA74 /* HomeEstimatorUITests.swift in Sources */,
			);
			runOnlyForDeploymentPostprocessing = 0;
		};
/* End PBXSourcesBuildPhase section */

/* Begin PBXTargetDependency section */
		6B2C735A2AB99F9D0090FA74 /* PBXTargetDependency */ = {
			isa = PBXTargetDependency;
			target = 6B2C73462AB99F9C0090FA74 /* HomeEstimator */;
			targetProxy = 6B2C73592AB99F9D0090FA74 /* PBXContainerItemProxy */;
		};
		6B2C73642AB99F9D0090FA74 /* PBXTargetDependency */ = {
			isa = PBXTargetDependency;
			target = 6B2C73462AB99F9C0090FA74 /* HomeEstimator */;
			targetProxy = 6B2C73632AB99F9D0090FA74 /* PBXContainerItemProxy */;
		};
/* End PBXTargetDependency section */

/* Begin XCBuildConfiguration section */
		6B2C736A2AB99F9D0090FA74 /* Debug */ = {
			isa = XCBuildConfiguration;
			buildSettings = {
				ALWAYS_SEARCH_USER_PATHS = NO;
				ASSETCATALOG_COMPILER_GENERATE_SWIFT_ASSET_SYMBOL_EXTENSIONS = YES;
				CLANG_ANALYZER_NONNULL = YES;
				CLANG_ANALYZER_NUMBER_OBJECT_CONVERSION = YES_AGGRESSIVE;
				CLANG_CXX_LANGUAGE_STANDARD = "gnu++20";
				CLANG_ENABLE_MODULES = YES;
				CLANG_ENABLE_OBJC_ARC = YES;
				CLANG_ENABLE_OBJC_WEAK = YES;
				CLANG_WARN_BLOCK_CAPTURE_AUTORELEASING = YES;
				CLANG_WARN_BOOL_CONVERSION = YES;
				CLANG_WARN_COMMA = YES;
				CLANG_WARN_CONSTANT_CONVERSION = YES;
				CLANG_WARN_DEPRECATED_OBJC_IMPLEMENTATIONS = YES;
				CLANG_WARN_DIRECT_OBJC_ISA_USAGE = YES_ERROR;
				CLANG_WARN_DOCUMENTATION_COMMENTS = YES;
				CLANG_WARN_EMPTY_BODY = YES;
				CLANG_WARN_ENUM_CONVERSION = YES;
				CLANG_WARN_INFINITE_RECURSION = YES;
				CLANG_WARN_INT_CONVERSION = YES;
				CLANG_WARN_NON_LITERAL_NULL_CONVERSION = YES;
				CLANG_WARN_OBJC_IMPLICIT_RETAIN_SELF = YES;
				CLANG_WARN_OBJC_LITERAL_CONVERSION = YES;
				CLANG_WARN_OBJC_ROOT_CLASS = YES_ERROR;
				CLANG_WARN_QUOTED_INCLUDE_IN_FRAMEWORK_HEADER = YES;
				CLANG_WARN_RANGE_LOOP_ANALYSIS = YES;
				CLANG_WARN_STRICT_PROTOTYPES = YES;
				CLANG_WARN_SUSPICIOUS_MOVE = YES;
				CLANG_WARN_UNGUARDED_AVAILABILITY = YES_AGGRESSIVE;
				CLANG_WARN_UNREACHABLE_CODE = YES;
				CLANG_WARN__DUPLICATE_METHOD_MATCH = YES;
				COPY_PHASE_STRIP = NO;
				DEBUG_INFORMATION_FORMAT = dwarf;
				ENABLE_STRICT_OBJC_MSGSEND = YES;
				ENABLE_TESTABILITY = YES;
				ENABLE_USER_SCRIPT_SANDBOXING = YES;
				GCC_C_LANGUAGE_STANDARD = gnu17;
				GCC_DYNAMIC_NO_PIC = NO;
				GCC_NO_COMMON_BLOCKS = YES;
				GCC_OPTIMIZATION_LEVEL = 0;
				GCC_PREPROCESSOR_DEFINITIONS = (
					"DEBUG=1",
					"$(inherited)",
				);
				GCC_WARN_64_TO_32_BIT_CONVERSION = YES;
				GCC_WARN_ABOUT_RETURN_TYPE = YES_ERROR;
				GCC_WARN_UNDECLARED_SELECTOR = YES;
				GCC_WARN_UNINITIALIZED_AUTOS = YES_AGGRESSIVE;
				GCC_WARN_UNUSED_FUNCTION = YES;
				GCC_WARN_UNUSED_VARIABLE = YES;
				LOCALIZATION_PREFERS_STRING_CATALOGS = YES;
				MTL_ENABLE_DEBUG_INFO = INCLUDE_SOURCE;
				MTL_FAST_MATH = YES;
				ONLY_ACTIVE_ARCH = YES;
				SWIFT_ACTIVE_COMPILATION_CONDITIONS = "DEBUG $(inherited)";
				SWIFT_OPTIMIZATION_LEVEL = "-Onone";
			};
			name = Debug;
		};
		6B2C736B2AB99F9D0090FA74 /* Release */ = {
			isa = XCBuildConfiguration;
			buildSettings = {
				ALWAYS_SEARCH_USER_PATHS = NO;
				ASSETCATALOG_COMPILER_GENERATE_SWIFT_ASSET_SYMBOL_EXTENSIONS = YES;
				CLANG_ANALYZER_NONNULL = YES;
				CLANG_ANALYZER_NUMBER_OBJECT_CONVERSION = YES_AGGRESSIVE;
				CLANG_CXX_LANGUAGE_STANDARD = "gnu++20";
				CLANG_ENABLE_MODULES = YES;
				CLANG_ENABLE_OBJC_ARC = YES;
				CLANG_ENABLE_OBJC_WEAK = YES;
				CLANG_WARN_BLOCK_CAPTURE_AUTORELEASING = YES;
				CLANG_WARN_BOOL_CONVERSION = YES;
				CLANG_WARN_COMMA = YES;
				CLANG_WARN_CONSTANT_CONVERSION = YES;
				CLANG_WARN_DEPRECATED_OBJC_IMPLEMENTATIONS = YES;
				CLANG_WARN_DIRECT_OBJC_ISA_USAGE = YES_ERROR;
				CLANG_WARN_DOCUMENTATION_COMMENTS = YES;
				CLANG_WARN_EMPTY_BODY = YES;
				CLANG_WARN_ENUM_CONVERSION = YES;
				CLANG_WARN_INFINITE_RECURSION = YES;
				CLANG_WARN_INT_CONVERSION = YES;
				CLANG_WARN_NON_LITERAL_NULL_CONVERSION = YES;
				CLANG_WARN_OBJC_IMPLICIT_RETAIN_SELF = YES;
				CLANG_WARN_OBJC_LITERAL_CONVERSION = YES;
				CLANG_WARN_OBJC_ROOT_CLASS = YES_ERROR;
				CLANG_WARN_QUOTED_INCLUDE_IN_FRAMEWORK_HEADER = YES;
				CLANG_WARN_RANGE_LOOP_ANALYSIS = YES;
				CLANG_WARN_STRICT_PROTOTYPES = YES;
				CLANG_WARN_SUSPICIOUS_MOVE = YES;
				CLANG_WARN_UNGUARDED_AVAILABILITY = YES_AGGRESSIVE;
				CLANG_WARN_UNREACHABLE_CODE = YES;
				CLANG_WARN__DUPLICATE_METHOD_MATCH = YES;
				COPY_PHASE_STRIP = NO;
				DEBUG_INFORMATION_FORMAT = "dwarf-with-dsym";
				ENABLE_NS_ASSERTIONS = NO;
				ENABLE_STRICT_OBJC_MSGSEND = YES;
				ENABLE_USER_SCRIPT_SANDBOXING = YES;
				GCC_C_LANGUAGE_STANDARD = gnu17;
				GCC_NO_COMMON_BLOCKS = YES;
				GCC_WARN_64_TO_32_BIT_CONVERSION = YES;
				GCC_WARN_ABOUT_RETURN_TYPE = YES_ERROR;
				GCC_WARN_UNDECLARED_SELECTOR = YES;
				GCC_WARN_UNINITIALIZED_AUTOS = YES_AGGRESSIVE;
				GCC_WARN_UNUSED_FUNCTION = YES;
				GCC_WARN_UNUSED_VARIABLE = YES;
				LOCALIZATION_PREFERS_STRING_CATALOGS = YES;
				MTL_ENABLE_DEBUG_INFO = NO;
				MTL_FAST_MATH = YES;
				SWIFT_COMPILATION_MODE = wholemodule;
			};
			name = Release;
		};
		6B2C736D2AB99F9D0090FA74 /* Debug */ = {
			isa = XCBuildConfiguration;
			buildSettings = {
				ASSETCATALOG_COMPILER_APPICON_NAME = AppIcon;
				ASSETCATALOG_COMPILER_GLOBAL_ACCENT_COLOR_NAME = AccentColor;
				CODE_SIGN_ENTITLEMENTS = HomeEstimator/HomeEstimator.entitlements;
				CODE_SIGN_STYLE = Automatic;
				CURRENT_PROJECT_VERSION = 1;
				DEVELOPMENT_ASSET_PATHS = "\"HomeEstimator/Preview Content\"";
				ENABLE_PREVIEWS = YES;
				GENERATE_INFOPLIST_FILE = YES;
				INFOPLIST_KEY_CFBundleDisplayName = "Home Estimator";
				INFOPLIST_KEY_LSApplicationCategoryType = "public.app-category.utilities";
				"INFOPLIST_KEY_UIApplicationSceneManifest_Generation[sdk=iphoneos*]" = YES;
				"INFOPLIST_KEY_UIApplicationSceneManifest_Generation[sdk=iphonesimulator*]" = YES;
				"INFOPLIST_KEY_UIApplicationSupportsIndirectInputEvents[sdk=iphoneos*]" = YES;
				"INFOPLIST_KEY_UIApplicationSupportsIndirectInputEvents[sdk=iphonesimulator*]" = YES;
				"INFOPLIST_KEY_UILaunchScreen_Generation[sdk=iphoneos*]" = YES;
				"INFOPLIST_KEY_UILaunchScreen_Generation[sdk=iphonesimulator*]" = YES;
				"INFOPLIST_KEY_UIStatusBarStyle[sdk=iphoneos*]" = UIStatusBarStyleDefault;
				"INFOPLIST_KEY_UIStatusBarStyle[sdk=iphonesimulator*]" = UIStatusBarStyleDefault;
				INFOPLIST_KEY_UISupportedInterfaceOrientations_iPad = "UIInterfaceOrientationPortrait UIInterfaceOrientationPortraitUpsideDown UIInterfaceOrientationLandscapeLeft UIInterfaceOrientationLandscapeRight";
				INFOPLIST_KEY_UISupportedInterfaceOrientations_iPhone = "UIInterfaceOrientationPortrait UIInterfaceOrientationLandscapeLeft UIInterfaceOrientationLandscapeRight";
				IPHONEOS_DEPLOYMENT_TARGET = 17.0;
				LD_RUNPATH_SEARCH_PATHS = "@executable_path/Frameworks";
				"LD_RUNPATH_SEARCH_PATHS[sdk=macosx*]" = "@executable_path/../Frameworks";
				MACOSX_DEPLOYMENT_TARGET = 13.5;
				MARKETING_VERSION = 1.0;
				PRODUCT_BUNDLE_IDENTIFIER = com.johnamcruz.HomeEstimator;
				PRODUCT_NAME = "$(TARGET_NAME)";
				SDKROOT = auto;
				SUPPORTED_PLATFORMS = "iphoneos iphonesimulator macosx";
				SWIFT_EMIT_LOC_STRINGS = YES;
				SWIFT_VERSION = 5.0;
				TARGETED_DEVICE_FAMILY = "1,2";
			};
			name = Debug;
		};
		6B2C736E2AB99F9D0090FA74 /* Release */ = {
			isa = XCBuildConfiguration;
			buildSettings = {
				ASSETCATALOG_COMPILER_APPICON_NAME = AppIcon;
				ASSETCATALOG_COMPILER_GLOBAL_ACCENT_COLOR_NAME = AccentColor;
				CODE_SIGN_ENTITLEMENTS = HomeEstimator/HomeEstimator.entitlements;
				CODE_SIGN_STYLE = Automatic;
				CURRENT_PROJECT_VERSION = 1;
				DEVELOPMENT_ASSET_PATHS = "\"HomeEstimator/Preview Content\"";
				ENABLE_PREVIEWS = YES;
				GENERATE_INFOPLIST_FILE = YES;
				INFOPLIST_KEY_CFBundleDisplayName = "Home Estimator";
				INFOPLIST_KEY_LSApplicationCategoryType = "public.app-category.utilities";
				"INFOPLIST_KEY_UIApplicationSceneManifest_Generation[sdk=iphoneos*]" = YES;
				"INFOPLIST_KEY_UIApplicationSceneManifest_Generation[sdk=iphonesimulator*]" = YES;
				"INFOPLIST_KEY_UIApplicationSupportsIndirectInputEvents[sdk=iphoneos*]" = YES;
				"INFOPLIST_KEY_UIApplicationSupportsIndirectInputEvents[sdk=iphonesimulator*]" = YES;
				"INFOPLIST_KEY_UILaunchScreen_Generation[sdk=iphoneos*]" = YES;
				"INFOPLIST_KEY_UILaunchScreen_Generation[sdk=iphonesimulator*]" = YES;
				"INFOPLIST_KEY_UIStatusBarStyle[sdk=iphoneos*]" = UIStatusBarStyleDefault;
				"INFOPLIST_KEY_UIStatusBarStyle[sdk=iphonesimulator*]" = UIStatusBarStyleDefault;
				INFOPLIST_KEY_UISupportedInterfaceOrientations_iPad = "UIInterfaceOrientationPortrait UIInterfaceOrientationPortraitUpsideDown UIInterfaceOrientationLandscapeLeft UIInterfaceOrientationLandscapeRight";
				INFOPLIST_KEY_UISupportedInterfaceOrientations_iPhone = "UIInterfaceOrientationPortrait UIInterfaceOrientationLandscapeLeft UIInterfaceOrientationLandscapeRight";
				IPHONEOS_DEPLOYMENT_TARGET = 17.0;
				LD_RUNPATH_SEARCH_PATHS = "@executable_path/Frameworks";
				"LD_RUNPATH_SEARCH_PATHS[sdk=macosx*]" = "@executable_path/../Frameworks";
				MACOSX_DEPLOYMENT_TARGET = 13.5;
				MARKETING_VERSION = 1.0;
				PRODUCT_BUNDLE_IDENTIFIER = com.johnamcruz.HomeEstimator;
				PRODUCT_NAME = "$(TARGET_NAME)";
				SDKROOT = auto;
				SUPPORTED_PLATFORMS = "iphoneos iphonesimulator macosx";
				SWIFT_EMIT_LOC_STRINGS = YES;
				SWIFT_VERSION = 5.0;
				TARGETED_DEVICE_FAMILY = "1,2";
			};
			name = Release;
		};
		6B2C73702AB99F9D0090FA74 /* Debug */ = {
			isa = XCBuildConfiguration;
			buildSettings = {
				ALWAYS_EMBED_SWIFT_STANDARD_LIBRARIES = YES;
				BUNDLE_LOADER = "$(TEST_HOST)";
				CODE_SIGN_STYLE = Automatic;
				CURRENT_PROJECT_VERSION = 1;
				GENERATE_INFOPLIST_FILE = YES;
				IPHONEOS_DEPLOYMENT_TARGET = 17.0;
				MACOSX_DEPLOYMENT_TARGET = 13.5;
				MARKETING_VERSION = 1.0;
				PRODUCT_BUNDLE_IDENTIFIER = com.johnamcruz.HomeEstimatorTests;
				PRODUCT_NAME = "$(TARGET_NAME)";
				SDKROOT = auto;
				SUPPORTED_PLATFORMS = "iphoneos iphonesimulator macosx";
				SWIFT_EMIT_LOC_STRINGS = NO;
				SWIFT_VERSION = 5.0;
				TARGETED_DEVICE_FAMILY = "1,2";
				TEST_HOST = "$(BUILT_PRODUCTS_DIR)/HomeEstimator.app/$(BUNDLE_EXECUTABLE_FOLDER_PATH)/HomeEstimator";
			};
			name = Debug;
		};
		6B2C73712AB99F9D0090FA74 /* Release */ = {
			isa = XCBuildConfiguration;
			buildSettings = {
				ALWAYS_EMBED_SWIFT_STANDARD_LIBRARIES = YES;
				BUNDLE_LOADER = "$(TEST_HOST)";
				CODE_SIGN_STYLE = Automatic;
				CURRENT_PROJECT_VERSION = 1;
				GENERATE_INFOPLIST_FILE = YES;
				IPHONEOS_DEPLOYMENT_TARGET = 17.0;
				MACOSX_DEPLOYMENT_TARGET = 13.5;
				MARKETING_VERSION = 1.0;
				PRODUCT_BUNDLE_IDENTIFIER = com.johnamcruz.HomeEstimatorTests;
				PRODUCT_NAME = "$(TARGET_NAME)";
				SDKROOT = auto;
				SUPPORTED_PLATFORMS = "iphoneos iphonesimulator macosx";
				SWIFT_EMIT_LOC_STRINGS = NO;
				SWIFT_VERSION = 5.0;
				TARGETED_DEVICE_FAMILY = "1,2";
				TEST_HOST = "$(BUILT_PRODUCTS_DIR)/HomeEstimator.app/$(BUNDLE_EXECUTABLE_FOLDER_PATH)/HomeEstimator";
			};
			name = Release;
		};
		6B2C73732AB99F9D0090FA74 /* Debug */ = {
			isa = XCBuildConfiguration;
			buildSettings = {
				ALWAYS_EMBED_SWIFT_STANDARD_LIBRARIES = YES;
				CODE_SIGN_STYLE = Automatic;
				CURRENT_PROJECT_VERSION = 1;
				GENERATE_INFOPLIST_FILE = YES;
				IPHONEOS_DEPLOYMENT_TARGET = 17.0;
				MACOSX_DEPLOYMENT_TARGET = 13.5;
				MARKETING_VERSION = 1.0;
				PRODUCT_BUNDLE_IDENTIFIER = com.johnamcruz.HomeEstimatorUITests;
				PRODUCT_NAME = "$(TARGET_NAME)";
				SDKROOT = auto;
				SUPPORTED_PLATFORMS = "iphoneos iphonesimulator macosx";
				SWIFT_EMIT_LOC_STRINGS = NO;
				SWIFT_VERSION = 5.0;
				TARGETED_DEVICE_FAMILY = "1,2";
				TEST_TARGET_NAME = HomeEstimator;
			};
			name = Debug;
		};
		6B2C73742AB99F9D0090FA74 /* Release */ = {
			isa = XCBuildConfiguration;
			buildSettings = {
				ALWAYS_EMBED_SWIFT_STANDARD_LIBRARIES = YES;
				CODE_SIGN_STYLE = Automatic;
				CURRENT_PROJECT_VERSION = 1;
				GENERATE_INFOPLIST_FILE = YES;
				IPHONEOS_DEPLOYMENT_TARGET = 17.0;
				MACOSX_DEPLOYMENT_TARGET = 13.5;
				MARKETING_VERSION = 1.0;
				PRODUCT_BUNDLE_IDENTIFIER = com.johnamcruz.HomeEstimatorUITests;
				PRODUCT_NAME = "$(TARGET_NAME)";
				SDKROOT = auto;
				SUPPORTED_PLATFORMS = "iphoneos iphonesimulator macosx";
				SWIFT_EMIT_LOC_STRINGS = NO;
				SWIFT_VERSION = 5.0;
				TARGETED_DEVICE_FAMILY = "1,2";
				TEST_TARGET_NAME = HomeEstimator;
			};
			name = Release;
		};
/* End XCBuildConfiguration section */

/* Begin XCConfigurationList section */
		6B2C73422AB99F9C0090FA74 /* Build configuration list for PBXProject "HomeEstimator" */ = {
			isa = XCConfigurationList;
			buildConfigurations = (
				6B2C736A2AB99F9D0090FA74 /* Debug */,
				6B2C736B2AB99F9D0090FA74 /* Release */,
			);
			defaultConfigurationIsVisible = 0;
			defaultConfigurationName = Release;
		};
		6B2C736C2AB99F9D0090FA74 /* Build configuration list for PBXNativeTarget "HomeEstimator" */ = {
			isa = XCConfigurationList;
			buildConfigurations = (
				6B2C736D2AB99F9D0090FA74 /* Debug */,
				6B2C736E2AB99F9D0090FA74 /* Release */,
			);
			defaultConfigurationIsVisible = 0;
			defaultConfigurationName = Release;
		};
		6B2C736F2AB99F9D0090FA74 /* Build configuration list for PBXNativeTarget "HomeEstimatorTests" */ = {
			isa = XCConfigurationList;
			buildConfigurations = (
				6B2C73702AB99F9D0090FA74 /* Debug */,
				6B2C73712AB99F9D0090FA74 /* Release */,
			);
			defaultConfigurationIsVisible = 0;
			defaultConfigurationName = Release;
		};
		6B2C73722AB99F9D0090FA74 /* Build configuration list for PBXNativeTarget "HomeEstimatorUITests" */ = {
			isa = XCConfigurationList;
			buildConfigurations = (
				6B2C73732AB99F9D0090FA74 /* Debug */,
				6B2C73742AB99F9D0090FA74 /* Release */,
			);
			defaultConfigurationIsVisible = 0;
			defaultConfigurationName = Release;
		};
/* End XCConfigurationList section */
	};
	rootObject = 6B2C733F2AB99F9C0090FA74 /* Project object */;
}
